{
    "hash": "4040f2bfbc4cb7dd97ab61f096767788",
    "packages": [
        {
            "name": "composer/installers",
            "version": "v1.0.3",
            "source": {
                "type": "git",
                "url": "https://github.com/composer/installers.git",
                "reference": "v1.0.3"
            },
            "dist": {
                "type": "zip",
                "url": "https://api.github.com/repos/composer/installers/zipball/v1.0.3",
                "reference": "v1.0.3",
                "shasum": ""
            },
            "replace": {
                "shama/baton": "*"
            },
            "require-dev": {
                "composer/composer": "1.0.*@dev",
                "phpunit/phpunit": "3.7.*"
            },
            "type": "composer-installer",
            "extra": {
                "class": "Composer\\Installers\\Installer",
                "branch-alias": {
                    "dev-master": "1.0-dev"
                }
            },
            "autoload": {
                "psr-0": {
                    "Composer\\Installers\\": "src/"
                }
            },
            "notification-url": "https://packagist.org/downloads/",
            "license": [
                "MIT"
            ],
            "authors": [
                {
                    "name": "Kyle Robinson Young",
                    "email": "kyle@dontkry.com",
                    "homepage": "http://dontkry.com",
                    "role": "Developer"
                }
            ],
            "description": "A multi-framework Composer library installer",
            "homepage": "http://composer.github.com/installers/",
            "keywords": [
                "TYPO3 Flow",
                "TYPO3 Neos",
                "agl",
                "cakephp",
                "codeigniter",
                "drupal",
                "fuelphp",
                "installer",
                "joomla",
                "kohana",
                "laravel",
                "li3",
                "lithium",
                "mako",
                "phpbb",
                "ppi",
                "silverstripe",
                "symfony",
                "wordpress",
                "yii",
                "zend"
            ],
            "time": "2013-03-02 22:45:58"
        },
        {
            "name": "epubhub/epubhub",
            "version": "dev-master",
            "source": {
                "type": "git",
                "url": "https://github.com/simkimsia/EPubHub.git",
                "reference": "459a336b1482297c7ffeff562e5c7a32e80d61ab"
            },
            "dist": {
                "type": "zip",
                "url": "https://api.github.com/repos/simkimsia/EPubHub/zipball/459a336b1482297c7ffeff562e5c7a32e80d61ab",
                "reference": "459a336b1482297c7ffeff562e5c7a32e80d61ab",
                "shasum": ""
            },
            "require": {
                "composer/installers": ">=1.0,<2.0"
            },
            "type": "library",
            "notification-url": "https://packagist.org/downloads/",
            "time": "2013-03-19 10:29:13"
        },
        {
            "name": "simkimsia/utility_lib",
            "version": "dev-master",
            "source": {
                "type": "git",
                "url": "https://github.com/simkimsia/UtilityLib.git",
                "reference": "b5d742a3c4f39606653d1e875379d9f11526df3e"
            },
            "dist": {
                "type": "zip",
                "url": "https://api.github.com/repos/simkimsia/UtilityLib/zipball/b5d742a3c4f39606653d1e875379d9f11526df3e",
                "reference": "b5d742a3c4f39606653d1e875379d9f11526df3e",
                "shasum": ""
            },
            "require": {
                "composer/installers": ">=1.0,<2.0"
            },
            "type": "cakephp-plugin",
            "notification-url": "https://packagist.org/downloads/",
            "time": "2013-03-13 06:10:51"
        },
        {
            "name": "twig/twig",
            "version": "v1.12.2",
            "source": {
                "type": "git",
                "url": "git://github.com/fabpot/Twig.git",
                "reference": "v1.12.2"
            },
            "dist": {
                "type": "zip",
                "url": "https://api.github.com/repos/fabpot/Twig/zipball/v1.12.2",
                "reference": "v1.12.2",
                "shasum": ""
            },
            "require": {
                "php": ">=5.2.4"
            },
            "type": "library",
            "extra": {
                "branch-alias": {
                    "dev-master": "1.12-dev"
                }
            },
            "autoload": {
                "psr-0": {
                    "Twig_": "lib/"
                }
            },
            "notification-url": "https://packagist.org/downloads/",
            "license": [
                "BSD-3"
            ],
            "authors": [
                {
                    "name": "Fabien Potencier",
                    "email": "fabien@symfony.com"
                },
                {
                    "name": "Armin Ronacher",
                    "email": "armin.ronacher@active-4.com"
                }
            ],
            "description": "Twig, the flexible, fast, and secure template language for PHP",
            "homepage": "http://twig.sensiolabs.org",
            "keywords": [
                "templating"
            ],
            "time": "2013-02-09 18:21:53"
        }
    ],
    "packages-dev": [

    ],
    "aliases": [

    ],
    "minimum-stability": "stable",
    "stability-flags": {
        "epubhub/epubhub": 20,
        "simkimsia/utility_lib": 20
    },
    "platform": [

    ],
    "platform-dev": [

    ]
}
