{
    "hash": "1c6ea1717264952aa11ece990332a88f",
    "packages": [
        {
            "name": "benthedesigner/dropbox",
            "version": "dev-master",
            "source": {
                "type": "git",
                "url": "https://github.com/BenTheDesigner/Dropbox.git",
                "reference": "94de100581fc103920786d38d4aa5433802d3842"
            },
            "dist": {
                "type": "zip",
                "url": "https://api.github.com/repos/BenTheDesigner/Dropbox/zipball/94de100581fc103920786d38d4aa5433802d3842",
                "reference": "94de100581fc103920786d38d4aa5433802d3842",
                "shasum": ""
            },
            "require": {
                "php": ">=5.3.1"
            },
            "type": "library",
            "autoload": {
                "psr-0": {
                    "Dropbox": ""
                }
            },
            "notification-url": "https://packagist.org/downloads/",
            "license": [
                "MIT"
            ],
            "authors": [
                {
                    "name": "Ben Tadiar",
                    "email": "ben@handcraftedbyben.co.uk",
                    "role": "Developer"
                }
            ],
            "description": "PHP 5.3 SDK for the Dropbox REST API",
            "homepage": "https://github.com/BenTheDesigner/Dropbox",
            "keywords": [
                "api",
                "dropbox"
            ],
            "time": "2013-04-15 07:34:33"
        },
        {
            "name": "composer/installers",
            "version": "v1.0.3",
            "source": {
                "type": "git",
                "url": "https://github.com/composer/installers.git",
                "reference": "v1.0.3"
            },
            "dist": {
                "type": "zip",
                "url": "https://api.github.com/repos/composer/installers/zipball/v1.0.3",
                "reference": "v1.0.3",
                "shasum": ""
            },
            "replace": {
                "shama/baton": "*"
            },
            "require-dev": {
                "composer/composer": "1.0.*@dev",
                "phpunit/phpunit": "3.7.*"
            },
            "type": "composer-installer",
            "extra": {
                "class": "Composer\\Installers\\Installer",
                "branch-alias": {
                    "dev-master": "1.0-dev"
                }
            },
            "autoload": {
                "psr-0": {
                    "Composer\\Installers\\": "src/"
                }
            },
            "notification-url": "https://packagist.org/downloads/",
            "license": [
                "MIT"
            ],
            "authors": [
                {
                    "name": "Kyle Robinson Young",
                    "email": "kyle@dontkry.com",
                    "homepage": "http://dontkry.com",
                    "role": "Developer"
                }
            ],
            "description": "A multi-framework Composer library installer",
            "homepage": "http://composer.github.com/installers/",
            "keywords": [
                "TYPO3 Flow",
                "TYPO3 Neos",
                "agl",
                "cakephp",
                "codeigniter",
                "drupal",
                "fuelphp",
                "installer",
                "joomla",
                "kohana",
                "laravel",
                "li3",
                "lithium",
                "mako",
                "phpbb",
                "ppi",
                "silverstripe",
                "symfony",
                "wordpress",
                "yii",
                "zend"
            ],
            "time": "2013-03-02 22:45:58"
        },
        {
            "name": "epubhub/epubhub",
            "version": "dev-master",
            "source": {
                "type": "git",
                "url": "https://github.com/simkimsia/EPubHub.git",
                "reference": "d232d6c85d3a2e9be8022cd01ee8335ea77dfa07"
            },
            "dist": {
                "type": "zip",
                "url": "https://api.github.com/repos/simkimsia/EPubHub/zipball/d232d6c85d3a2e9be8022cd01ee8335ea77dfa07",
                "reference": "d232d6c85d3a2e9be8022cd01ee8335ea77dfa07",
                "shasum": ""
            },
            "require": {
                "composer/installers": ">=1.0,<2.0"
            },
            "type": "library",
            "notification-url": "https://packagist.org/downloads/",
            "license": [
                "MIT"
            ],
            "time": "2013-03-21 03:19:50"
        },
        {
            "name": "simkimsia/utility_lib",
            "version": "dev-master",
            "source": {
                "type": "git",
                "url": "https://github.com/simkimsia/UtilityLib.git",
                "reference": "0681734ce775ec116fa4919965d8217074ba2743"
            },
            "dist": {
                "type": "zip",
                "url": "https://api.github.com/repos/simkimsia/UtilityLib/zipball/0681734ce775ec116fa4919965d8217074ba2743",
                "reference": "0681734ce775ec116fa4919965d8217074ba2743",
                "shasum": ""
            },
            "require": {
                "composer/installers": ">=1.0,<2.0"
            },
            "type": "cakephp-plugin",
            "notification-url": "https://packagist.org/downloads/",
            "time": "2013-03-14 05:28:10"
        },
        {
            "name": "twig/twig",
            "version": "v1.12.3",
            "source": {
                "type": "git",
                "url": "https://github.com/fabpot/Twig.git",
                "reference": "v1.12.3"
            },
            "dist": {
                "type": "zip",
                "url": "https://api.github.com/repos/fabpot/Twig/zipball/v1.12.3",
                "reference": "v1.12.3",
                "shasum": ""
            },
            "require": {
                "php": ">=5.2.4"
            },
            "type": "library",
            "extra": {
                "branch-alias": {
                    "dev-master": "1.12-dev"
                }
            },
            "autoload": {
                "psr-0": {
                    "Twig_": "lib/"
                }
            },
            "notification-url": "https://packagist.org/downloads/",
            "license": [
                "BSD-3"
            ],
            "authors": [
                {
                    "name": "Fabien Potencier",
                    "email": "fabien@symfony.com"
                },
                {
                    "name": "Armin Ronacher",
                    "email": "armin.ronacher@active-4.com"
                }
            ],
            "description": "Twig, the flexible, fast, and secure template language for PHP",
            "homepage": "http://twig.sensiolabs.org",
            "keywords": [
                "templating"
            ],
            "time": "2013-04-08 12:40:11"
        }
    ],
    "packages-dev": [

    ],
    "aliases": [

    ],
    "minimum-stability": "stable",
    "stability-flags": {
        "epubhub/epubhub": 20,
        "simkimsia/utility_lib": 20,
        "benthedesigner/dropbox": 20
    },
    "platform": [

    ],
    "platform-dev": [

    ]
}
